
Microsoft Visual Studio Solution File, Format Version 12.00
# Visual Studio Version 16
VisualStudioVersion = 16.0.30011.22
MinimumVisualStudioVersion = 10.0.40219.1
Project("{FAE04EC0-301F-11D3-BF4B-00C04F79EFBC}") = "LayerDemo.Common", "LayerDemo.Common\LayerDemo.Common.csproj", "{12FBA83E-F2C6-49CF-ACF8-391F4E630DDA}"
EndProject
Project("{2150E333-8FDC-42A3-9474-1A3956D46DE8}") = "01.Infrastructure", "01.Infrastructure", "{CC801238-DB7A-4F46-8D6F-7AC20071209B}"
EndProject
Project("{2150E333-8FDC-42A3-9474-1A3956D46DE8}") = "02.DAL", "02.DAL", "{06788DF6-D9AB-45C7-864B-2738F0E15CD7}"
EndProject
Project("{2150E333-8FDC-42A3-9474-1A3956D46DE8}") = "03.Services", "03.Services", "{D37C0DFA-24BD-4366-B7EE-AC72D2EF201F}"
EndProject
Project("{2150E333-8FDC-42A3-9474-1A3956D46DE8}") = "04.Views", "04.Views", "{502C715C-6153-43C4-8B94-2417599543CC}"
EndProject
Project("{2150E333-8FDC-42A3-9474-1A3956D46DE8}") = "05.Tests", "05.Tests", "{A8FCCFD8-9794-4E4C-9213-5A453F1F38CC}"
EndProject
Project("{FAE04EC0-301F-11D3-BF4B-00C04F79EFBC}") = "LayerDemo.Adapter", "LayerDemo.Adapter\LayerDemo.Adapter.csproj", "{E1BA1351-5347-4654-AEA6-D4255927DECF}"
EndProject
Project("{FAE04EC0-301F-11D3-BF4B-00C04F79EFBC}") = "LayerDemo.Data", "LayerDemo.Data\LayerDemo.Data.csproj", "{2A0F59D7-2954-43CD-B620-AAEDCA0C6877}"
EndProject
Project("{FAE04EC0-301F-11D3-BF4B-00C04F79EFBC}") = "LayerDemo.Entity", "LayerDemo.Entity\LayerDemo.Entity.csproj", "{14B59420-A96F-4AD5-849B-8E08753BE86B}"
EndProject
Project("{FAE04EC0-301F-11D3-BF4B-00C04F79EFBC}") = "LayerDemo.IDao", "LayerDemo.IDao\LayerDemo.IDao.csproj", "{09B55D4E-B3F9-4819-8C47-571154BBA7D8}"
EndProject
Project("{FAE04EC0-301F-11D3-BF4B-00C04F79EFBC}") = "LayerDemo.Dao", "LayerDemo.Dao\LayerDemo.Dao.csproj", "{7133727A-8BA6-4BA8-86E5-0C1C0D81CEF7}"
EndProject
Project("{FAE04EC0-301F-11D3-BF4B-00C04F79EFBC}") = "LayerDemo.IService", "LayerDemo.IService\LayerDemo.IService.csproj", "{D4F2C2AD-AD5A-44F2-965E-F3A30747D4A9}"
EndProject
Project("{FAE04EC0-301F-11D3-BF4B-00C04F79EFBC}") = "LayerDemo.Service", "LayerDemo.Service\LayerDemo.Service.csproj", "{0424974A-85C3-4EAF-BFFB-6A90183314CB}"
EndProject
Project("{FAE04EC0-301F-11D3-BF4B-00C04F79EFBC}") = "LayerDemo.Site", "LayerDemo.Site\LayerDemo.Site.csproj", "{8191ABEF-8BA2-4400-BD95-4FE2C3257354}"
EndProject
Project("{FAE04EC0-301F-11D3-BF4B-00C04F79EFBC}") = "LayerDemo.OpenApi", "LayerDemo.OpenApi\LayerDemo.OpenApi.csproj", "{258EA3F1-CB59-4516-B0B3-2AEA27B4439B}"
EndProject
Project("{FAE04EC0-301F-11D3-BF4B-00C04F79EFBC}") = "LayerDemo.Job", "LayerDemo.Job\LayerDemo.Job.csproj", "{CE709A38-DD14-48E8-A6ED-832E2BBC3C96}"
EndProject
Project("{FAE04EC0-301F-11D3-BF4B-00C04F79EFBC}") = "LayerDemo.Tool", "LayerDemo.Tool\LayerDemo.Tool.csproj", "{C4C3E4B0-3C80-4EAC-A5BE-23838DD51960}"
EndProject
Project("{FAE04EC0-301F-11D3-BF4B-00C04F79EFBC}") = "LayerDemo.UnitTest", "LayerDemo.UnitTest\LayerDemo.UnitTest.csproj", "{69B8DB82-0113-4A67-AB63-BB657541853A}"
EndProject
Global
	GlobalSection(SolutionConfigurationPlatforms) = preSolution
		Debug|Any CPU = Debug|Any CPU
		Release|Any CPU = Release|Any CPU
	EndGlobalSection
	GlobalSection(ProjectConfigurationPlatforms) = postSolution
		{12FBA83E-F2C6-49CF-ACF8-391F4E630DDA}.Debug|Any CPU.ActiveCfg = Debug|Any CPU
		{12FBA83E-F2C6-49CF-ACF8-391F4E630DDA}.Debug|Any CPU.Build.0 = Debug|Any CPU
		{12FBA83E-F2C6-49CF-ACF8-391F4E630DDA}.Release|Any CPU.ActiveCfg = Release|Any CPU
		{12FBA83E-F2C6-49CF-ACF8-391F4E630DDA}.Release|Any CPU.Build.0 = Release|Any CPU
		{E1BA1351-5347-4654-AEA6-D4255927DECF}.Debug|Any CPU.ActiveCfg = Debug|Any CPU
		{E1BA1351-5347-4654-AEA6-D4255927DECF}.Debug|Any CPU.Build.0 = Debug|Any CPU
		{E1BA1351-5347-4654-AEA6-D4255927DECF}.Release|Any CPU.ActiveCfg = Release|Any CPU
		{E1BA1351-5347-4654-AEA6-D4255927DECF}.Release|Any CPU.Build.0 = Release|Any CPU
		{2A0F59D7-2954-43CD-B620-AAEDCA0C6877}.Debug|Any CPU.ActiveCfg = Debug|Any CPU
		{2A0F59D7-2954-43CD-B620-AAEDCA0C6877}.Debug|Any CPU.Build.0 = Debug|Any CPU
		{2A0F59D7-2954-43CD-B620-AAEDCA0C6877}.Release|Any CPU.ActiveCfg = Release|Any CPU
		{2A0F59D7-2954-43CD-B620-AAEDCA0C6877}.Release|Any CPU.Build.0 = Release|Any CPU
		{14B59420-A96F-4AD5-849B-8E08753BE86B}.Debug|Any CPU.ActiveCfg = Debug|Any CPU
		{14B59420-A96F-4AD5-849B-8E08753BE86B}.Debug|Any CPU.Build.0 = Debug|Any CPU
		{14B59420-A96F-4AD5-849B-8E08753BE86B}.Release|Any CPU.ActiveCfg = Release|Any CPU
		{14B59420-A96F-4AD5-849B-8E08753BE86B}.Release|Any CPU.Build.0 = Release|Any CPU
		{09B55D4E-B3F9-4819-8C47-571154BBA7D8}.Debug|Any CPU.ActiveCfg = Debug|Any CPU
		{09B55D4E-B3F9-4819-8C47-571154BBA7D8}.Debug|Any CPU.Build.0 = Debug|Any CPU
		{09B55D4E-B3F9-4819-8C47-571154BBA7D8}.Release|Any CPU.ActiveCfg = Release|Any CPU
		{09B55D4E-B3F9-4819-8C47-571154BBA7D8}.Release|Any CPU.Build.0 = Release|Any CPU
		{7133727A-8BA6-4BA8-86E5-0C1C0D81CEF7}.Debug|Any CPU.ActiveCfg = Debug|Any CPU
		{7133727A-8BA6-4BA8-86E5-0C1C0D81CEF7}.Debug|Any CPU.Build.0 = Debug|Any CPU
		{7133727A-8BA6-4BA8-86E5-0C1C0D81CEF7}.Release|Any CPU.ActiveCfg = Release|Any CPU
		{7133727A-8BA6-4BA8-86E5-0C1C0D81CEF7}.Release|Any CPU.Build.0 = Release|Any CPU
		{D4F2C2AD-AD5A-44F2-965E-F3A30747D4A9}.Debug|Any CPU.ActiveCfg = Debug|Any CPU
		{D4F2C2AD-AD5A-44F2-965E-F3A30747D4A9}.Debug|Any CPU.Build.0 = Debug|Any CPU
		{D4F2C2AD-AD5A-44F2-965E-F3A30747D4A9}.Release|Any CPU.ActiveCfg = Release|Any CPU
		{D4F2C2AD-AD5A-44F2-965E-F3A30747D4A9}.Release|Any CPU.Build.0 = Release|Any CPU
		{0424974A-85C3-4EAF-BFFB-6A90183314CB}.Debug|Any CPU.ActiveCfg = Debug|Any CPU
		{0424974A-85C3-4EAF-BFFB-6A90183314CB}.Debug|Any CPU.Build.0 = Debug|Any CPU
		{0424974A-85C3-4EAF-BFFB-6A90183314CB}.Release|Any CPU.ActiveCfg = Release|Any CPU
		{0424974A-85C3-4EAF-BFFB-6A90183314CB}.Release|Any CPU.Build.0 = Release|Any CPU
		{8191ABEF-8BA2-4400-BD95-4FE2C3257354}.Debug|Any CPU.ActiveCfg = Debug|Any CPU
		{8191ABEF-8BA2-4400-BD95-4FE2C3257354}.Debug|Any CPU.Build.0 = Debug|Any CPU
		{8191ABEF-8BA2-4400-BD95-4FE2C3257354}.Release|Any CPU.ActiveCfg = Release|Any CPU
		{8191ABEF-8BA2-4400-BD95-4FE2C3257354}.Release|Any CPU.Build.0 = Release|Any CPU
		{258EA3F1-CB59-4516-B0B3-2AEA27B4439B}.Debug|Any CPU.ActiveCfg = Debug|Any CPU
		{258EA3F1-CB59-4516-B0B3-2AEA27B4439B}.Debug|Any CPU.Build.0 = Debug|Any CPU
		{258EA3F1-CB59-4516-B0B3-2AEA27B4439B}.Release|Any CPU.ActiveCfg = Release|Any CPU
		{258EA3F1-CB59-4516-B0B3-2AEA27B4439B}.Release|Any CPU.Build.0 = Release|Any CPU
		{CE709A38-DD14-48E8-A6ED-832E2BBC3C96}.Debug|Any CPU.ActiveCfg = Debug|Any CPU
		{CE709A38-DD14-48E8-A6ED-832E2BBC3C96}.Debug|Any CPU.Build.0 = Debug|Any CPU
		{CE709A38-DD14-48E8-A6ED-832E2BBC3C96}.Release|Any CPU.ActiveCfg = Release|Any CPU
		{CE709A38-DD14-48E8-A6ED-832E2BBC3C96}.Release|Any CPU.Build.0 = Release|Any CPU
		{C4C3E4B0-3C80-4EAC-A5BE-23838DD51960}.Debug|Any CPU.ActiveCfg = Debug|Any CPU
		{C4C3E4B0-3C80-4EAC-A5BE-23838DD51960}.Debug|Any CPU.Build.0 = Debug|Any CPU
		{C4C3E4B0-3C80-4EAC-A5BE-23838DD51960}.Release|Any CPU.ActiveCfg = Release|Any CPU
		{C4C3E4B0-3C80-4EAC-A5BE-23838DD51960}.Release|Any CPU.Build.0 = Release|Any CPU
		{69B8DB82-0113-4A67-AB63-BB657541853A}.Debug|Any CPU.ActiveCfg = Debug|Any CPU
		{69B8DB82-0113-4A67-AB63-BB657541853A}.Debug|Any CPU.Build.0 = Debug|Any CPU
		{69B8DB82-0113-4A67-AB63-BB657541853A}.Release|Any CPU.ActiveCfg = Release|Any CPU
		{69B8DB82-0113-4A67-AB63-BB657541853A}.Release|Any CPU.Build.0 = Release|Any CPU
	EndGlobalSection
	GlobalSection(SolutionProperties) = preSolution
		HideSolutionNode = FALSE
	EndGlobalSection
	GlobalSection(NestedProjects) = preSolution
		{12FBA83E-F2C6-49CF-ACF8-391F4E630DDA} = {CC801238-DB7A-4F46-8D6F-7AC20071209B}
		{E1BA1351-5347-4654-AEA6-D4255927DECF} = {CC801238-DB7A-4F46-8D6F-7AC20071209B}
		{2A0F59D7-2954-43CD-B620-AAEDCA0C6877} = {CC801238-DB7A-4F46-8D6F-7AC20071209B}
		{14B59420-A96F-4AD5-849B-8E08753BE86B} = {CC801238-DB7A-4F46-8D6F-7AC20071209B}
		{09B55D4E-B3F9-4819-8C47-571154BBA7D8} = {06788DF6-D9AB-45C7-864B-2738F0E15CD7}
		{7133727A-8BA6-4BA8-86E5-0C1C0D81CEF7} = {06788DF6-D9AB-45C7-864B-2738F0E15CD7}
		{D4F2C2AD-AD5A-44F2-965E-F3A30747D4A9} = {D37C0DFA-24BD-4366-B7EE-AC72D2EF201F}
		{0424974A-85C3-4EAF-BFFB-6A90183314CB} = {D37C0DFA-24BD-4366-B7EE-AC72D2EF201F}
		{8191ABEF-8BA2-4400-BD95-4FE2C3257354} = {502C715C-6153-43C4-8B94-2417599543CC}
		{258EA3F1-CB59-4516-B0B3-2AEA27B4439B} = {502C715C-6153-43C4-8B94-2417599543CC}
		{CE709A38-DD14-48E8-A6ED-832E2BBC3C96} = {502C715C-6153-43C4-8B94-2417599543CC}
		{C4C3E4B0-3C80-4EAC-A5BE-23838DD51960} = {A8FCCFD8-9794-4E4C-9213-5A453F1F38CC}
		{69B8DB82-0113-4A67-AB63-BB657541853A} = {A8FCCFD8-9794-4E4C-9213-5A453F1F38CC}
	EndGlobalSection
	GlobalSection(ExtensibilityGlobals) = postSolution
		SolutionGuid = {960F4F8F-E589-4D3B-BA1A-883822C317A6}
	EndGlobalSection
EndGlobal
